
Microsoft Visual Studio Solution File, Format Version 12.00
# Visual Studio Version 17
VisualStudioVersion = 17.3.32825.248
MinimumVisualStudioVersion = 10.0.40219.1
Project("{FAE04EC0-301F-11D3-BF4B-00C04F79EFBC}") = "AutomobileLibrary", "AutomobileLibrary\AutomobileLibrary.csproj", "{782833AF-FABE-4B36-9C93-C5A8DAAA2B91}"
EndProject
Project("{FAE04EC0-301F-11D3-BF4B-00C04F79EFBC}") = "AutomobileWPFApp", "AutomobileWPFApp\AutomobileWPFApp.csproj", "{B1D35CAE-D24D-4627-8E6D-BCBE8871A3A7}"
EndProject
Project("{FAE04EC0-301F-11D3-BF4B-00C04F79EFBC}") = "Canvas", "Canvas\Canvas.csproj", "{EE7761F4-370C-473F-8F6A-1888E039839B}"
EndProject
Global
	GlobalSection(SolutionConfigurationPlatforms) = preSolution
		Debug|Any CPU = Debug|Any CPU
		Release|Any CPU = Release|Any CPU
	EndGlobalSection
	GlobalSection(ProjectConfigurationPlatforms) = postSolution
		{782833AF-FABE-4B36-9C93-C5A8DAAA2B91}.Debug|Any CPU.ActiveCfg = Debug|Any CPU
		{782833AF-FABE-4B36-9C93-C5A8DAAA2B91}.Debug|Any CPU.Build.0 = Debug|Any CPU
		{782833AF-FABE-4B36-9C93-C5A8DAAA2B91}.Release|Any CPU.ActiveCfg = Release|Any CPU
		{782833AF-FABE-4B36-9C93-C5A8DAAA2B91}.Release|Any CPU.Build.0 = Release|Any CPU
		{B1D35CAE-D24D-4627-8E6D-BCBE8871A3A7}.Debug|Any CPU.ActiveCfg = Debug|Any CPU
		{B1D35CAE-D24D-4627-8E6D-BCBE8871A3A7}.Debug|Any CPU.Build.0 = Debug|Any CPU
		{B1D35CAE-D24D-4627-8E6D-BCBE8871A3A7}.Release|Any CPU.ActiveCfg = Release|Any CPU
		{B1D35CAE-D24D-4627-8E6D-BCBE8871A3A7}.Release|Any CPU.Build.0 = Release|Any CPU
		{EE7761F4-370C-473F-8F6A-1888E039839B}.Debug|Any CPU.ActiveCfg = Debug|Any CPU
		{EE7761F4-370C-473F-8F6A-1888E039839B}.Debug|Any CPU.Build.0 = Debug|Any CPU
		{EE7761F4-370C-473F-8F6A-1888E039839B}.Release|Any CPU.ActiveCfg = Release|Any CPU
		{EE7761F4-370C-473F-8F6A-1888E039839B}.Release|Any CPU.Build.0 = Release|Any CPU
	EndGlobalSection
	GlobalSection(SolutionProperties) = preSolution
		HideSolutionNode = FALSE
	EndGlobalSection
	GlobalSection(ExtensibilityGlobals) = postSolution
		SolutionGuid = {4385E697-63AD-4E0F-A14A-50767D0A09DF}
	EndGlobalSection
EndGlobal
